Microsoft Visual Studio Solution File, Format Version 12.00
# Visual Studio Version 17
VisualStudioVersion = 17.5.2.0
MinimumVisualStudioVersion = 10.0.40219.1
Project("{FAE04EC0-301F-11D3-BF4B-00C04F79EFBC}") = "Tarkony-aspdotnet-backend", "Tarkony-aspdotnet-backend.csproj", "{BF0C1724-9CF7-14CB-EF6E-EF356D0BFA02}"
EndProject
Global
	GlobalSection(SolutionConfigurationPlatforms) = preSolution
		Debug|Any CPU = Debug|Any CPU
		Release|Any CPU = Release|Any CPU
	EndGlobalSection
	GlobalSection(ProjectConfigurationPlatforms) = postSolution
		{BF0C1724-9CF7-14CB-EF6E-EF356D0BFA02}.Debug|Any CPU.ActiveCfg = Debug|Any CPU
		{BF0C1724-9CF7-14CB-EF6E-EF356D0BFA02}.Debug|Any CPU.Build.0 = Debug|Any CPU
		{BF0C1724-9CF7-14CB-EF6E-EF356D0BFA02}.Release|Any CPU.ActiveCfg = Release|Any CPU
		{BF0C1724-9CF7-14CB-EF6E-EF356D0BFA02}.Release|Any CPU.Build.0 = Release|Any CPU
	EndGlobalSection
	GlobalSection(SolutionProperties) = preSolution
		HideSolutionNode = FALSE
	EndGlobalSection
	GlobalSection(ExtensibilityGlobals) = postSolution
		SolutionGuid = {15843306-7E07-4FCC-87EC-8395D9A8C3B2}
	EndGlobalSection
EndGlobal
